{
	"name": "lean-wrap",
	"version": "0.2.24",
	"lockfileVersion": 1,
	"requires": true,
	"dependencies": {
		"clean-css": {
			"version": "4.1.11",
			"resolved": "https://registry.npmjs.org/clean-css/-/clean-css-4.1.11.tgz",
			"integrity": "sha1-Ls3xRaujj1R0DybO/Q/z4D4SXWo=",
			"dev": true,
			"requires": {
				"source-map": "0.5.7"
			}
		},
		"commander": {
			"version": "2.15.1",
			"resolved": "https://registry.npmjs.org/commander/-/commander-2.15.1.tgz",
			"integrity": "sha512-VlfT9F3V0v+jr4yxPc5gg9s62/fIVWsd2Bk2iD435um1NlGMYdVCq+MjcXnhYq2icNOizHr1kK+5TI6H0Hy0ag==",
			"dev": true
		},
		"pico-common": {
			"version": "0.9.3",
			"resolved": "https://registry.npmjs.org/pico-common/-/pico-common-0.9.3.tgz",
			"integrity": "sha512-k6PIfiD0MX0RK1tY3awM3mLIPgAEoXR1sTeiJM5GtV+qHxCSiQaGVo4SUT5oGZcE18E90918avIyvDMeCuhd3w==",
			"dev": true
		},
		"source-map": {
			"version": "0.5.7",
			"resolved": "https://registry.npmjs.org/source-map/-/source-map-0.5.7.tgz",
			"integrity": "sha1-igOdLRAh0i0eoUyA2OpGi6LvP8w=",
			"dev": true
		},
		"uglify-js": {
			"version": "3.3.18",
			"resolved": "https://registry.npmjs.org/uglify-js/-/uglify-js-3.3.18.tgz",
			"integrity": "sha512-VhjIFv93KnTx/ntNi9yTBbfrsWnQnqUy02MT32uqU/5i2oEJ8GAEJ0AwYV206JeOmIzSjm41Ba0iXVKv6j7y9g==",
			"dev": true,
			"requires": {
				"commander": "2.15.1",
				"source-map": "0.6.1"
			},
			"dependencies": {
				"source-map": {
					"version": "0.6.1",
					"resolved": "https://registry.npmjs.org/source-map/-/source-map-0.6.1.tgz",
					"integrity": "sha512-UjgapumWlbMhkBgzT7Ykc5YXUT46F0iKu8SGXq0bcwP5dz/h0Plj6enJqjz1Zbq2l5WaqYnrVbwWOWMyF3F47g==",
					"dev": true
				}
			}
		}
	}
}
